
Microsoft Visual Studio Solution File, Format Version 12.00
# Visual Studio 2013
VisualStudioVersion = 12.0.40629.0
MinimumVisualStudioVersion = 10.0.40219.1
Project("{FAE04EC0-301F-11D3-BF4B-00C04F79EFBC}") = "DataManagerFeatures", "InstrumentMessagesHandlerTests\DataManagerFeatures.csproj", "{9E79488A-9DF8-4E6A-85C0-172632145B36}"
	ProjectSection(ProjectDependencies) = postProject
		{A0F9FC5B-05A1-4CE9-BE94-EACFE93ABC06} = {A0F9FC5B-05A1-4CE9-BE94-EACFE93ABC06}
	EndProjectSection
EndProject
Project("{FAE04EC0-301F-11D3-BF4B-00C04F79EFBC}") = "Application", "InstrumentAdapter\Application.csproj", "{FB43BC8F-36A9-402B-98AA-F5D8D9F79D05}"
EndProject
Project("{FAE04EC0-301F-11D3-BF4B-00C04F79EFBC}") = "Infrastructure", "Infrastructure\Infrastructure.csproj", "{EAC59FA5-08AA-4CF1-97E5-9D8D70D9C661}"
EndProject
Project("{FAE04EC0-301F-11D3-BF4B-00C04F79EFBC}") = "InstrumentAdapter.Domain", "InstrumentAdapter.Domain\InstrumentAdapter.Domain.csproj", "{098309D2-147C-4567-B006-54542DF12CF3}"
EndProject
Project("{2150E333-8FDC-42A3-9474-1A3956D46DE8}") = "Tests", "Tests", "{3A5F77FF-E4D7-4399-B2C6-5C0BA1127D72}"
EndProject
Project("{FAE04EC0-301F-11D3-BF4B-00C04F79EFBC}") = "InstrumentAdapter.Application.Tests", "InstrumentAdapter.Application.Tests\InstrumentAdapter.Application.Tests.csproj", "{9DF0C3EA-5713-45EB-9D01-7C09B5290133}"
EndProject
Project("{FAE04EC0-301F-11D3-BF4B-00C04F79EFBC}") = "ApplicationServices.Common", "ApplicationServices\ApplicationServices.Common.csproj", "{D8407EB6-346F-4169-8BFA-53C70A6F995A}"
EndProject
Project("{2150E333-8FDC-42A3-9474-1A3956D46DE8}") = "InstrumentCommunication", "InstrumentCommunication", "{FD2E1CDA-A2D9-4237-B774-C4BAED970DF7}"
EndProject
Project("{FAE04EC0-301F-11D3-BF4B-00C04F79EFBC}") = "TSNAgentAdapter", "TSNAgentAdapter\TSNAgentAdapter.csproj", "{FA05572F-A257-48DE-9AB8-FB5AA8E5F76B}"
EndProject
Project("{FAE04EC0-301F-11D3-BF4B-00C04F79EFBC}") = "Receiver", "Receiver\Receiver.csproj", "{E6DB33BE-AFB3-41BC-AEC4-D04FC2964D61}"
EndProject
Project("{FAE04EC0-301F-11D3-BF4B-00C04F79EFBC}") = "Sender", "Sender\Sender.csproj", "{7D753AE6-FEF6-4EDB-AB4D-3FFFD2B00CFF}"
EndProject
Project("{2150E333-8FDC-42A3-9474-1A3956D46DE8}") = "LabConfiguration", "LabConfiguration", "{9BC57F05-20EB-453F-BC87-1F28D4DD6FA6}"
EndProject
Project("{FAE04EC0-301F-11D3-BF4B-00C04F79EFBC}") = "LabConfiguration.Application", "Application\LabConfiguration.Application.csproj", "{0843B97A-DCA4-4EB3-AD61-C8072146D159}"
EndProject
Project("{FAE04EC0-301F-11D3-BF4B-00C04F79EFBC}") = "LabConfiguration.Domain", "LabConfiguration.Domain\LabConfiguration.Domain.csproj", "{5975D3C1-C9D9-4D9B-B66D-B7DEBEB5D3F4}"
EndProject
Project("{2150E333-8FDC-42A3-9474-1A3956D46DE8}") = "Tests", "Tests", "{C296A915-9715-47BF-8B07-0B342352C127}"
EndProject
Project("{FAE04EC0-301F-11D3-BF4B-00C04F79EFBC}") = "LabConfiguration.Application.Tests", "LabConfiguration.Application.Tests\LabConfiguration.Application.Tests.csproj", "{C0A37AF8-E38B-40EC-B4B2-F2375EF077A6}"
EndProject
Project("{2150E333-8FDC-42A3-9474-1A3956D46DE8}") = "Adapters", "Adapters", "{4DE46EE0-DEB4-49F1-A640-22EBC9650CF0}"
EndProject
Project("{FAE04EC0-301F-11D3-BF4B-00C04F79EFBC}") = "LabConfigurationAdapter", "LabConfigurationAdapter\LabConfigurationAdapter.csproj", "{38FD9151-E0ED-4024-8B1B-848E39D630B9}"
EndProject
Project("{2150E333-8FDC-42A3-9474-1A3956D46DE8}") = "Tests", "Tests", "{AD387A89-A99E-4367-9660-3B863DAC5C64}"
EndProject
Project("{FAE04EC0-301F-11D3-BF4B-00C04F79EFBC}") = "LabConfigurationAdapter.Tests", "LabConfigurationAdapter.Tests\LabConfigurationAdapter.Tests.csproj", "{5B904EF8-C1FE-4F04-8C15-0B23DB9C5C8B}"
EndProject
Project("{2150E333-8FDC-42A3-9474-1A3956D46DE8}") = "QCConfiguration", "QCConfiguration", "{788525AD-DD5C-4DD1-9B7C-92D256FBAB74}"
EndProject
Project("{2150E333-8FDC-42A3-9474-1A3956D46DE8}") = "Tests", "Tests", "{834F6EE1-80EF-406C-AAB6-F5E59BD73616}"
EndProject
Project("{FAE04EC0-301F-11D3-BF4B-00C04F79EFBC}") = "QCConfiguration.Domain.Tests", "QCConfiguration.Domain.Tests\QCConfiguration.Domain.Tests.csproj", "{B2B14B0E-74F9-456E-AFD0-6F9BBD7B9FAB}"
EndProject
Project("{FAE04EC0-301F-11D3-BF4B-00C04F79EFBC}") = "QCConfiguration.Application.Tests", "QCConfiguration.Application.Tests\QCConfiguration.Application.Tests.csproj", "{5007A177-D572-4EE7-B29E-0C856EB16CB3}"
EndProject
Project("{FAE04EC0-301F-11D3-BF4B-00C04F79EFBC}") = "QCConfiguration.Application", "QCConfiguration.Application\QCConfiguration.Application.csproj", "{7B3C3123-461B-4DAA-8750-0570DA36ECE4}"
EndProject
Project("{FAE04EC0-301F-11D3-BF4B-00C04F79EFBC}") = "QCConfiguration.Domain", "QCConfiguration.Domain\QCConfiguration.Domain.csproj", "{9F114FFE-E1F6-41F2-8EE7-471477302A6B}"
EndProject
Project("{2150E333-8FDC-42A3-9474-1A3956D46DE8}") = "QCRoutine", "QCRoutine", "{39B57AF9-A665-4A80-85B2-0AA29B64151C}"
EndProject
Project("{FAE04EC0-301F-11D3-BF4B-00C04F79EFBC}") = "QCRoutine.Application", "QCRoutine.Application\QCRoutine.Application.csproj", "{86094A9A-FE9B-4913-AE9F-5AECFF4A21D2}"
EndProject
Project("{2150E333-8FDC-42A3-9474-1A3956D46DE8}") = "Tests", "Tests", "{08FD3F61-BBF7-4410-8F70-0DD15960A0EC}"
EndProject
Project("{FAE04EC0-301F-11D3-BF4B-00C04F79EFBC}") = "QCRoutine.Application.Tests", "QCRoutine.Application.Tests\QCRoutine.Application.Tests.csproj", "{A955BE8D-0C32-40FF-84DF-D719AEE5AEEE}"
EndProject
Project("{FAE04EC0-301F-11D3-BF4B-00C04F79EFBC}") = "QCRoutine.Domain", "QCRoutine.Domain\QCRoutine.Domain.csproj", "{0D868D3F-C004-4F87-B092-83A23FA9C3EE}"
EndProject
Project("{2150E333-8FDC-42A3-9474-1A3956D46DE8}") = "QCEvaluation", "QCEvaluation", "{11A9F11E-CB76-4818-B3DB-3872F2363910}"
EndProject
Project("{FAE04EC0-301F-11D3-BF4B-00C04F79EFBC}") = "QCEvaluation.Application", "QCEvaluation.Application\QCEvaluation.Application.csproj", "{0024BF16-D54D-42E8-A4D8-D41DCE133A20}"
EndProject
Project("{FAE04EC0-301F-11D3-BF4B-00C04F79EFBC}") = "QCEvaluation.Domain", "QCEvaluation.Domain\QCEvaluation.Domain.csproj", "{04922212-5EA5-48B8-8169-1DE00152586B}"
EndProject
Project("{2150E333-8FDC-42A3-9474-1A3956D46DE8}") = "Tests", "Tests", "{15738161-7E5C-40CA-BDBC-98C69B744F2A}"
EndProject
Project("{FAE04EC0-301F-11D3-BF4B-00C04F79EFBC}") = "QCEvaluation.Application.Tests", "QCEvaluation.Application.Tests\QCEvaluation.Application.Tests.csproj", "{C624F69B-294B-4E5E-BE91-2E7F785AF96D}"
EndProject
Project("{FAE04EC0-301F-11D3-BF4B-00C04F79EFBC}") = "QCEvaluation.Domain.Tests", "QCEvaluation.Domain.Tests\QCEvaluation.Domain.Tests.csproj", "{FF90CC35-F615-46D1-B7D3-CAEDD5E8BC89}"
EndProject
Project("{FAE04EC0-301F-11D3-BF4B-00C04F79EFBC}") = "Application.Payloads", "Application.Payloads\Application.Payloads.csproj", "{258CB1CB-DB23-4D44-A5B3-7764DA077F8B}"
EndProject
Project("{FAE04EC0-301F-11D3-BF4B-00C04F79EFBC}") = "QCEvaluation.WCFService", "QCEvaluation.WCFService\QCEvaluation.WCFService.csproj", "{FBA734C1-F807-432D-BA52-B1E27C5B4B64}"
	ProjectSection(ProjectDependencies) = postProject
		{B4C079EB-2293-4C8A-9DCE-0BDB3B207D10} = {B4C079EB-2293-4C8A-9DCE-0BDB3B207D10}
	EndProjectSection
EndProject
Project("{FAE04EC0-301F-11D3-BF4B-00C04F79EFBC}") = "QCConfiguration.WCFService", "QCConfiguration.WCFService\QCConfiguration.WCFService.csproj", "{B4C079EB-2293-4C8A-9DCE-0BDB3B207D10}"
EndProject
Project("{FAE04EC0-301F-11D3-BF4B-00C04F79EFBC}") = "WCFServices.Common", "WCFServices.Common\WCFServices.Common.csproj", "{6FCF010B-F8E5-4A96-BAC3-BAC76E841FA6}"
EndProject
Project("{FAE04EC0-301F-11D3-BF4B-00C04F79EFBC}") = "LabConfiguration.WCFService", "LabConfiguration.WCFService\LabConfiguration.WCFService.csproj", "{A0F9FC5B-05A1-4CE9-BE94-EACFE93ABC06}"
EndProject
Project("{FAE04EC0-301F-11D3-BF4B-00C04F79EFBC}") = "LabConfiguration.Adapters", "LabConfiguration.Adapters\LabConfiguration.Adapters.csproj", "{2C470F4F-59AC-4C84-BC7A-C3CB7FB1FC41}"
EndProject
Project("{FAE04EC0-301F-11D3-BF4B-00C04F79EFBC}") = "QCEvaluation.Adapters", "QCEvaluation.Adapters\QCEvaluation.Adapters.csproj", "{C5D0615C-B519-45CE-AC0A-82DFDE2D8B3D}"
EndProject
Global
	GlobalSection(SolutionConfigurationPlatforms) = preSolution
		Debug|Any CPU = Debug|Any CPU
		Release|Any CPU = Release|Any CPU
	EndGlobalSection
	GlobalSection(ProjectConfigurationPlatforms) = postSolution
		{9E79488A-9DF8-4E6A-85C0-172632145B36}.Debug|Any CPU.ActiveCfg = Debug|Any CPU
		{9E79488A-9DF8-4E6A-85C0-172632145B36}.Debug|Any CPU.Build.0 = Debug|Any CPU
		{9E79488A-9DF8-4E6A-85C0-172632145B36}.Release|Any CPU.ActiveCfg = Release|Any CPU
		{9E79488A-9DF8-4E6A-85C0-172632145B36}.Release|Any CPU.Build.0 = Release|Any CPU
		{FB43BC8F-36A9-402B-98AA-F5D8D9F79D05}.Debug|Any CPU.ActiveCfg = Debug|Any CPU
		{FB43BC8F-36A9-402B-98AA-F5D8D9F79D05}.Debug|Any CPU.Build.0 = Debug|Any CPU
		{FB43BC8F-36A9-402B-98AA-F5D8D9F79D05}.Release|Any CPU.ActiveCfg = Release|Any CPU
		{FB43BC8F-36A9-402B-98AA-F5D8D9F79D05}.Release|Any CPU.Build.0 = Release|Any CPU
		{EAC59FA5-08AA-4CF1-97E5-9D8D70D9C661}.Debug|Any CPU.ActiveCfg = Debug|Any CPU
		{EAC59FA5-08AA-4CF1-97E5-9D8D70D9C661}.Debug|Any CPU.Build.0 = Debug|Any CPU
		{EAC59FA5-08AA-4CF1-97E5-9D8D70D9C661}.Release|Any CPU.ActiveCfg = Release|Any CPU
		{EAC59FA5-08AA-4CF1-97E5-9D8D70D9C661}.Release|Any CPU.Build.0 = Release|Any CPU
		{098309D2-147C-4567-B006-54542DF12CF3}.Debug|Any CPU.ActiveCfg = Debug|Any CPU
		{098309D2-147C-4567-B006-54542DF12CF3}.Debug|Any CPU.Build.0 = Debug|Any CPU
		{098309D2-147C-4567-B006-54542DF12CF3}.Release|Any CPU.ActiveCfg = Release|Any CPU
		{098309D2-147C-4567-B006-54542DF12CF3}.Release|Any CPU.Build.0 = Release|Any CPU
		{9DF0C3EA-5713-45EB-9D01-7C09B5290133}.Debug|Any CPU.ActiveCfg = Debug|Any CPU
		{9DF0C3EA-5713-45EB-9D01-7C09B5290133}.Debug|Any CPU.Build.0 = Debug|Any CPU
		{9DF0C3EA-5713-45EB-9D01-7C09B5290133}.Release|Any CPU.ActiveCfg = Release|Any CPU
		{9DF0C3EA-5713-45EB-9D01-7C09B5290133}.Release|Any CPU.Build.0 = Release|Any CPU
		{D8407EB6-346F-4169-8BFA-53C70A6F995A}.Debug|Any CPU.ActiveCfg = Debug|Any CPU
		{D8407EB6-346F-4169-8BFA-53C70A6F995A}.Debug|Any CPU.Build.0 = Debug|Any CPU
		{D8407EB6-346F-4169-8BFA-53C70A6F995A}.Release|Any CPU.ActiveCfg = Release|Any CPU
		{D8407EB6-346F-4169-8BFA-53C70A6F995A}.Release|Any CPU.Build.0 = Release|Any CPU
		{FA05572F-A257-48DE-9AB8-FB5AA8E5F76B}.Debug|Any CPU.ActiveCfg = Debug|Any CPU
		{FA05572F-A257-48DE-9AB8-FB5AA8E5F76B}.Debug|Any CPU.Build.0 = Debug|Any CPU
		{FA05572F-A257-48DE-9AB8-FB5AA8E5F76B}.Release|Any CPU.ActiveCfg = Release|Any CPU
		{FA05572F-A257-48DE-9AB8-FB5AA8E5F76B}.Release|Any CPU.Build.0 = Release|Any CPU
		{E6DB33BE-AFB3-41BC-AEC4-D04FC2964D61}.Debug|Any CPU.ActiveCfg = Debug|Any CPU
		{E6DB33BE-AFB3-41BC-AEC4-D04FC2964D61}.Debug|Any CPU.Build.0 = Debug|Any CPU
		{E6DB33BE-AFB3-41BC-AEC4-D04FC2964D61}.Release|Any CPU.ActiveCfg = Release|Any CPU
		{E6DB33BE-AFB3-41BC-AEC4-D04FC2964D61}.Release|Any CPU.Build.0 = Release|Any CPU
		{7D753AE6-FEF6-4EDB-AB4D-3FFFD2B00CFF}.Debug|Any CPU.ActiveCfg = Debug|Any CPU
		{7D753AE6-FEF6-4EDB-AB4D-3FFFD2B00CFF}.Debug|Any CPU.Build.0 = Debug|Any CPU
		{7D753AE6-FEF6-4EDB-AB4D-3FFFD2B00CFF}.Release|Any CPU.ActiveCfg = Release|Any CPU
		{7D753AE6-FEF6-4EDB-AB4D-3FFFD2B00CFF}.Release|Any CPU.Build.0 = Release|Any CPU
		{0843B97A-DCA4-4EB3-AD61-C8072146D159}.Debug|Any CPU.ActiveCfg = Debug|Any CPU
		{0843B97A-DCA4-4EB3-AD61-C8072146D159}.Debug|Any CPU.Build.0 = Debug|Any CPU
		{0843B97A-DCA4-4EB3-AD61-C8072146D159}.Release|Any CPU.ActiveCfg = Release|Any CPU
		{0843B97A-DCA4-4EB3-AD61-C8072146D159}.Release|Any CPU.Build.0 = Release|Any CPU
		{5975D3C1-C9D9-4D9B-B66D-B7DEBEB5D3F4}.Debug|Any CPU.ActiveCfg = Debug|Any CPU
		{5975D3C1-C9D9-4D9B-B66D-B7DEBEB5D3F4}.Debug|Any CPU.Build.0 = Debug|Any CPU
		{5975D3C1-C9D9-4D9B-B66D-B7DEBEB5D3F4}.Release|Any CPU.ActiveCfg = Release|Any CPU
		{5975D3C1-C9D9-4D9B-B66D-B7DEBEB5D3F4}.Release|Any CPU.Build.0 = Release|Any CPU
		{C0A37AF8-E38B-40EC-B4B2-F2375EF077A6}.Debug|Any CPU.ActiveCfg = Debug|Any CPU
		{C0A37AF8-E38B-40EC-B4B2-F2375EF077A6}.Debug|Any CPU.Build.0 = Debug|Any CPU
		{C0A37AF8-E38B-40EC-B4B2-F2375EF077A6}.Release|Any CPU.ActiveCfg = Release|Any CPU
		{C0A37AF8-E38B-40EC-B4B2-F2375EF077A6}.Release|Any CPU.Build.0 = Release|Any CPU
		{38FD9151-E0ED-4024-8B1B-848E39D630B9}.Debug|Any CPU.ActiveCfg = Debug|Any CPU
		{38FD9151-E0ED-4024-8B1B-848E39D630B9}.Debug|Any CPU.Build.0 = Debug|Any CPU
		{38FD9151-E0ED-4024-8B1B-848E39D630B9}.Release|Any CPU.ActiveCfg = Release|Any CPU
		{38FD9151-E0ED-4024-8B1B-848E39D630B9}.Release|Any CPU.Build.0 = Release|Any CPU
		{5B904EF8-C1FE-4F04-8C15-0B23DB9C5C8B}.Debug|Any CPU.ActiveCfg = Debug|Any CPU
		{5B904EF8-C1FE-4F04-8C15-0B23DB9C5C8B}.Debug|Any CPU.Build.0 = Debug|Any CPU
		{5B904EF8-C1FE-4F04-8C15-0B23DB9C5C8B}.Release|Any CPU.ActiveCfg = Release|Any CPU
		{5B904EF8-C1FE-4F04-8C15-0B23DB9C5C8B}.Release|Any CPU.Build.0 = Release|Any CPU
		{B2B14B0E-74F9-456E-AFD0-6F9BBD7B9FAB}.Debug|Any CPU.ActiveCfg = Debug|Any CPU
		{B2B14B0E-74F9-456E-AFD0-6F9BBD7B9FAB}.Debug|Any CPU.Build.0 = Debug|Any CPU
		{B2B14B0E-74F9-456E-AFD0-6F9BBD7B9FAB}.Release|Any CPU.ActiveCfg = Release|Any CPU
		{B2B14B0E-74F9-456E-AFD0-6F9BBD7B9FAB}.Release|Any CPU.Build.0 = Release|Any CPU
		{5007A177-D572-4EE7-B29E-0C856EB16CB3}.Debug|Any CPU.ActiveCfg = Debug|Any CPU
		{5007A177-D572-4EE7-B29E-0C856EB16CB3}.Debug|Any CPU.Build.0 = Debug|Any CPU
		{5007A177-D572-4EE7-B29E-0C856EB16CB3}.Release|Any CPU.ActiveCfg = Release|Any CPU
		{5007A177-D572-4EE7-B29E-0C856EB16CB3}.Release|Any CPU.Build.0 = Release|Any CPU
		{7B3C3123-461B-4DAA-8750-0570DA36ECE4}.Debug|Any CPU.ActiveCfg = Debug|Any CPU
		{7B3C3123-461B-4DAA-8750-0570DA36ECE4}.Debug|Any CPU.Build.0 = Debug|Any CPU
		{7B3C3123-461B-4DAA-8750-0570DA36ECE4}.Release|Any CPU.ActiveCfg = Release|Any CPU
		{7B3C3123-461B-4DAA-8750-0570DA36ECE4}.Release|Any CPU.Build.0 = Release|Any CPU
		{9F114FFE-E1F6-41F2-8EE7-471477302A6B}.Debug|Any CPU.ActiveCfg = Debug|Any CPU
		{9F114FFE-E1F6-41F2-8EE7-471477302A6B}.Debug|Any CPU.Build.0 = Debug|Any CPU
		{9F114FFE-E1F6-41F2-8EE7-471477302A6B}.Release|Any CPU.ActiveCfg = Release|Any CPU
		{9F114FFE-E1F6-41F2-8EE7-471477302A6B}.Release|Any CPU.Build.0 = Release|Any CPU
		{86094A9A-FE9B-4913-AE9F-5AECFF4A21D2}.Debug|Any CPU.ActiveCfg = Debug|Any CPU
		{86094A9A-FE9B-4913-AE9F-5AECFF4A21D2}.Debug|Any CPU.Build.0 = Debug|Any CPU
		{86094A9A-FE9B-4913-AE9F-5AECFF4A21D2}.Release|Any CPU.ActiveCfg = Release|Any CPU
		{86094A9A-FE9B-4913-AE9F-5AECFF4A21D2}.Release|Any CPU.Build.0 = Release|Any CPU
		{A955BE8D-0C32-40FF-84DF-D719AEE5AEEE}.Debug|Any CPU.ActiveCfg = Debug|Any CPU
		{A955BE8D-0C32-40FF-84DF-D719AEE5AEEE}.Debug|Any CPU.Build.0 = Debug|Any CPU
		{A955BE8D-0C32-40FF-84DF-D719AEE5AEEE}.Release|Any CPU.ActiveCfg = Release|Any CPU
		{A955BE8D-0C32-40FF-84DF-D719AEE5AEEE}.Release|Any CPU.Build.0 = Release|Any CPU
		{0D868D3F-C004-4F87-B092-83A23FA9C3EE}.Debug|Any CPU.ActiveCfg = Debug|Any CPU
		{0D868D3F-C004-4F87-B092-83A23FA9C3EE}.Debug|Any CPU.Build.0 = Debug|Any CPU
		{0D868D3F-C004-4F87-B092-83A23FA9C3EE}.Release|Any CPU.ActiveCfg = Release|Any CPU
		{0D868D3F-C004-4F87-B092-83A23FA9C3EE}.Release|Any CPU.Build.0 = Release|Any CPU
		{0024BF16-D54D-42E8-A4D8-D41DCE133A20}.Debug|Any CPU.ActiveCfg = Debug|Any CPU
		{0024BF16-D54D-42E8-A4D8-D41DCE133A20}.Debug|Any CPU.Build.0 = Debug|Any CPU
		{0024BF16-D54D-42E8-A4D8-D41DCE133A20}.Release|Any CPU.ActiveCfg = Release|Any CPU
		{0024BF16-D54D-42E8-A4D8-D41DCE133A20}.Release|Any CPU.Build.0 = Release|Any CPU
		{04922212-5EA5-48B8-8169-1DE00152586B}.Debug|Any CPU.ActiveCfg = Debug|Any CPU
		{04922212-5EA5-48B8-8169-1DE00152586B}.Debug|Any CPU.Build.0 = Debug|Any CPU
		{04922212-5EA5-48B8-8169-1DE00152586B}.Release|Any CPU.ActiveCfg = Release|Any CPU
		{04922212-5EA5-48B8-8169-1DE00152586B}.Release|Any CPU.Build.0 = Release|Any CPU
		{C624F69B-294B-4E5E-BE91-2E7F785AF96D}.Debug|Any CPU.ActiveCfg = Debug|Any CPU
		{C624F69B-294B-4E5E-BE91-2E7F785AF96D}.Debug|Any CPU.Build.0 = Debug|Any CPU
		{C624F69B-294B-4E5E-BE91-2E7F785AF96D}.Release|Any CPU.ActiveCfg = Release|Any CPU
		{C624F69B-294B-4E5E-BE91-2E7F785AF96D}.Release|Any CPU.Build.0 = Release|Any CPU
		{FF90CC35-F615-46D1-B7D3-CAEDD5E8BC89}.Debug|Any CPU.ActiveCfg = Debug|Any CPU
		{FF90CC35-F615-46D1-B7D3-CAEDD5E8BC89}.Debug|Any CPU.Build.0 = Debug|Any CPU
		{FF90CC35-F615-46D1-B7D3-CAEDD5E8BC89}.Release|Any CPU.ActiveCfg = Release|Any CPU
		{FF90CC35-F615-46D1-B7D3-CAEDD5E8BC89}.Release|Any CPU.Build.0 = Release|Any CPU
		{258CB1CB-DB23-4D44-A5B3-7764DA077F8B}.Debug|Any CPU.ActiveCfg = Debug|Any CPU
		{258CB1CB-DB23-4D44-A5B3-7764DA077F8B}.Debug|Any CPU.Build.0 = Debug|Any CPU
		{258CB1CB-DB23-4D44-A5B3-7764DA077F8B}.Release|Any CPU.ActiveCfg = Release|Any CPU
		{258CB1CB-DB23-4D44-A5B3-7764DA077F8B}.Release|Any CPU.Build.0 = Release|Any CPU
		{FBA734C1-F807-432D-BA52-B1E27C5B4B64}.Debug|Any CPU.ActiveCfg = Debug|Any CPU
		{FBA734C1-F807-432D-BA52-B1E27C5B4B64}.Debug|Any CPU.Build.0 = Debug|Any CPU
		{FBA734C1-F807-432D-BA52-B1E27C5B4B64}.Release|Any CPU.ActiveCfg = Release|Any CPU
		{FBA734C1-F807-432D-BA52-B1E27C5B4B64}.Release|Any CPU.Build.0 = Release|Any CPU
		{B4C079EB-2293-4C8A-9DCE-0BDB3B207D10}.Debug|Any CPU.ActiveCfg = Debug|Any CPU
		{B4C079EB-2293-4C8A-9DCE-0BDB3B207D10}.Debug|Any CPU.Build.0 = Debug|Any CPU
		{B4C079EB-2293-4C8A-9DCE-0BDB3B207D10}.Release|Any CPU.ActiveCfg = Release|Any CPU
		{B4C079EB-2293-4C8A-9DCE-0BDB3B207D10}.Release|Any CPU.Build.0 = Release|Any CPU
		{6FCF010B-F8E5-4A96-BAC3-BAC76E841FA6}.Debug|Any CPU.ActiveCfg = Debug|Any CPU
		{6FCF010B-F8E5-4A96-BAC3-BAC76E841FA6}.Debug|Any CPU.Build.0 = Debug|Any CPU
		{6FCF010B-F8E5-4A96-BAC3-BAC76E841FA6}.Release|Any CPU.ActiveCfg = Release|Any CPU
		{6FCF010B-F8E5-4A96-BAC3-BAC76E841FA6}.Release|Any CPU.Build.0 = Release|Any CPU
		{A0F9FC5B-05A1-4CE9-BE94-EACFE93ABC06}.Debug|Any CPU.ActiveCfg = Debug|Any CPU
		{A0F9FC5B-05A1-4CE9-BE94-EACFE93ABC06}.Debug|Any CPU.Build.0 = Debug|Any CPU
		{A0F9FC5B-05A1-4CE9-BE94-EACFE93ABC06}.Release|Any CPU.ActiveCfg = Release|Any CPU
		{A0F9FC5B-05A1-4CE9-BE94-EACFE93ABC06}.Release|Any CPU.Build.0 = Release|Any CPU
		{2C470F4F-59AC-4C84-BC7A-C3CB7FB1FC41}.Debug|Any CPU.ActiveCfg = Debug|Any CPU
		{2C470F4F-59AC-4C84-BC7A-C3CB7FB1FC41}.Debug|Any CPU.Build.0 = Debug|Any CPU
		{2C470F4F-59AC-4C84-BC7A-C3CB7FB1FC41}.Release|Any CPU.ActiveCfg = Release|Any CPU
		{2C470F4F-59AC-4C84-BC7A-C3CB7FB1FC41}.Release|Any CPU.Build.0 = Release|Any CPU
		{C5D0615C-B519-45CE-AC0A-82DFDE2D8B3D}.Debug|Any CPU.ActiveCfg = Debug|Any CPU
		{C5D0615C-B519-45CE-AC0A-82DFDE2D8B3D}.Debug|Any CPU.Build.0 = Debug|Any CPU
		{C5D0615C-B519-45CE-AC0A-82DFDE2D8B3D}.Release|Any CPU.ActiveCfg = Release|Any CPU
		{C5D0615C-B519-45CE-AC0A-82DFDE2D8B3D}.Release|Any CPU.Build.0 = Release|Any CPU
	EndGlobalSection
	GlobalSection(SolutionProperties) = preSolution
		HideSolutionNode = FALSE
	EndGlobalSection
	GlobalSection(NestedProjects) = preSolution
		{FB43BC8F-36A9-402B-98AA-F5D8D9F79D05} = {FD2E1CDA-A2D9-4237-B774-C4BAED970DF7}
		{098309D2-147C-4567-B006-54542DF12CF3} = {FD2E1CDA-A2D9-4237-B774-C4BAED970DF7}
		{3A5F77FF-E4D7-4399-B2C6-5C0BA1127D72} = {FD2E1CDA-A2D9-4237-B774-C4BAED970DF7}
		{9DF0C3EA-5713-45EB-9D01-7C09B5290133} = {3A5F77FF-E4D7-4399-B2C6-5C0BA1127D72}
		{FA05572F-A257-48DE-9AB8-FB5AA8E5F76B} = {4DE46EE0-DEB4-49F1-A640-22EBC9650CF0}
		{E6DB33BE-AFB3-41BC-AEC4-D04FC2964D61} = {FD2E1CDA-A2D9-4237-B774-C4BAED970DF7}
		{7D753AE6-FEF6-4EDB-AB4D-3FFFD2B00CFF} = {FD2E1CDA-A2D9-4237-B774-C4BAED970DF7}
		{0843B97A-DCA4-4EB3-AD61-C8072146D159} = {9BC57F05-20EB-453F-BC87-1F28D4DD6FA6}
		{5975D3C1-C9D9-4D9B-B66D-B7DEBEB5D3F4} = {9BC57F05-20EB-453F-BC87-1F28D4DD6FA6}
		{C296A915-9715-47BF-8B07-0B342352C127} = {9BC57F05-20EB-453F-BC87-1F28D4DD6FA6}
		{C0A37AF8-E38B-40EC-B4B2-F2375EF077A6} = {C296A915-9715-47BF-8B07-0B342352C127}
		{4DE46EE0-DEB4-49F1-A640-22EBC9650CF0} = {FD2E1CDA-A2D9-4237-B774-C4BAED970DF7}
		{38FD9151-E0ED-4024-8B1B-848E39D630B9} = {4DE46EE0-DEB4-49F1-A640-22EBC9650CF0}
		{AD387A89-A99E-4367-9660-3B863DAC5C64} = {4DE46EE0-DEB4-49F1-A640-22EBC9650CF0}
		{5B904EF8-C1FE-4F04-8C15-0B23DB9C5C8B} = {AD387A89-A99E-4367-9660-3B863DAC5C64}
		{834F6EE1-80EF-406C-AAB6-F5E59BD73616} = {788525AD-DD5C-4DD1-9B7C-92D256FBAB74}
		{B2B14B0E-74F9-456E-AFD0-6F9BBD7B9FAB} = {834F6EE1-80EF-406C-AAB6-F5E59BD73616}
		{5007A177-D572-4EE7-B29E-0C856EB16CB3} = {834F6EE1-80EF-406C-AAB6-F5E59BD73616}
		{7B3C3123-461B-4DAA-8750-0570DA36ECE4} = {788525AD-DD5C-4DD1-9B7C-92D256FBAB74}
		{9F114FFE-E1F6-41F2-8EE7-471477302A6B} = {788525AD-DD5C-4DD1-9B7C-92D256FBAB74}
		{86094A9A-FE9B-4913-AE9F-5AECFF4A21D2} = {39B57AF9-A665-4A80-85B2-0AA29B64151C}
		{08FD3F61-BBF7-4410-8F70-0DD15960A0EC} = {39B57AF9-A665-4A80-85B2-0AA29B64151C}
		{A955BE8D-0C32-40FF-84DF-D719AEE5AEEE} = {08FD3F61-BBF7-4410-8F70-0DD15960A0EC}
		{0D868D3F-C004-4F87-B092-83A23FA9C3EE} = {39B57AF9-A665-4A80-85B2-0AA29B64151C}
		{0024BF16-D54D-42E8-A4D8-D41DCE133A20} = {11A9F11E-CB76-4818-B3DB-3872F2363910}
		{04922212-5EA5-48B8-8169-1DE00152586B} = {11A9F11E-CB76-4818-B3DB-3872F2363910}
		{15738161-7E5C-40CA-BDBC-98C69B744F2A} = {11A9F11E-CB76-4818-B3DB-3872F2363910}
		{C624F69B-294B-4E5E-BE91-2E7F785AF96D} = {15738161-7E5C-40CA-BDBC-98C69B744F2A}
		{FF90CC35-F615-46D1-B7D3-CAEDD5E8BC89} = {15738161-7E5C-40CA-BDBC-98C69B744F2A}
		{FBA734C1-F807-432D-BA52-B1E27C5B4B64} = {11A9F11E-CB76-4818-B3DB-3872F2363910}
		{B4C079EB-2293-4C8A-9DCE-0BDB3B207D10} = {788525AD-DD5C-4DD1-9B7C-92D256FBAB74}
		{A0F9FC5B-05A1-4CE9-BE94-EACFE93ABC06} = {9BC57F05-20EB-453F-BC87-1F28D4DD6FA6}
		{2C470F4F-59AC-4C84-BC7A-C3CB7FB1FC41} = {9BC57F05-20EB-453F-BC87-1F28D4DD6FA6}
		{C5D0615C-B519-45CE-AC0A-82DFDE2D8B3D} = {11A9F11E-CB76-4818-B3DB-3872F2363910}
	EndGlobalSection
EndGlobal
